// !$*UTF8*$!
{
	archiveVersion = 1;
	classes = {
	};
	objectVersion = 56;
	objects = {

/* Begin PBXBuildFile section */
		292A45592A5C48C40024916F /* EventViewModel.swift in Sources */ = {isa = PBXBuildFile; fileRef = 292A45582A5C48C40024916F /* EventViewModel.swift */; };
		292A455B2A5C48CC0024916F /* TagViewModel.swift in Sources */ = {isa = PBXBuildFile; fileRef = 292A455A2A5C48CC0024916F /* TagViewModel.swift */; };
		29314FC22A5AEA28008B5147 /* AddTag.swift in Sources */ = {isa = PBXBuildFile; fileRef = 29314FC12A5AEA28008B5147 /* AddTag.swift */; };
		29314FC42A5AF350008B5147 /* HomeEmptyView.swift in Sources */ = {isa = PBXBuildFile; fileRef = 29314FC32A5AF350008B5147 /* HomeEmptyView.swift */; };
		29314FC62A5AF744008B5147 /* EventModel.swift in Sources */ = {isa = PBXBuildFile; fileRef = 29314FC52A5AF744008B5147 /* EventModel.swift */; };
		299E59A72A3F0D830079552A /* RecordRow.swift in Sources */ = {isa = PBXBuildFile; fileRef = 299E59A62A3F0D830079552A /* RecordRow.swift */; };
		299E59A92A3F3FA40079552A /* AddRecord.swift in Sources */ = {isa = PBXBuildFile; fileRef = 299E59A82A3F3FA40079552A /* AddRecord.swift */; };
		29E450982A3B2EDB007869A2 /* LogApp.swift in Sources */ = {isa = PBXBuildFile; fileRef = 29E450972A3B2EDB007869A2 /* LogApp.swift */; };
		29E4509A2A3B2EDB007869A2 /* ContentView.swift in Sources */ = {isa = PBXBuildFile; fileRef = 29E450992A3B2EDB007869A2 /* ContentView.swift */; };
		29E4509C2A3B2EDD007869A2 /* Assets.xcassets in Resources */ = {isa = PBXBuildFile; fileRef = 29E4509B2A3B2EDD007869A2 /* Assets.xcassets */; };
		29E450A02A3B2EDD007869A2 /* Preview Assets.xcassets in Resources */ = {isa = PBXBuildFile; fileRef = 29E4509F2A3B2EDD007869A2 /* Preview Assets.xcassets */; };
/* End PBXBuildFile section */

/* Begin PBXFileReference section */
		292A45582A5C48C40024916F /* EventViewModel.swift */ = {isa = PBXFileReference; lastKnownFileType = sourcecode.swift; path = EventViewModel.swift; sourceTree = "<group>"; };
		292A455A2A5C48CC0024916F /* TagViewModel.swift */ = {isa = PBXFileReference; lastKnownFileType = sourcecode.swift; path = TagViewModel.swift; sourceTree = "<group>"; };
		29314FC12A5AEA28008B5147 /* AddTag.swift */ = {isa = PBXFileReference; lastKnownFileType = sourcecode.swift; path = AddTag.swift; sourceTree = "<group>"; };
		29314FC32A5AF350008B5147 /* HomeEmptyView.swift */ = {isa = PBXFileReference; lastKnownFileType = sourcecode.swift; path = HomeEmptyView.swift; sourceTree = "<group>"; };
		29314FC52A5AF744008B5147 /* EventModel.swift */ = {isa = PBXFileReference; lastKnownFileType = sourcecode.swift; path = EventModel.swift; sourceTree = "<group>"; };
		299E59A62A3F0D830079552A /* RecordRow.swift */ = {isa = PBXFileReference; lastKnownFileType = sourcecode.swift; path = RecordRow.swift; sourceTree = "<group>"; };
		299E59A82A3F3FA40079552A /* AddRecord.swift */ = {isa = PBXFileReference; lastKnownFileType = sourcecode.swift; path = AddRecord.swift; sourceTree = "<group>"; };
		29E450942A3B2EDB007869A2 /* Log.app */ = {isa = PBXFileReference; explicitFileType = wrapper.application; includeInIndex = 0; path = Log.app; sourceTree = BUILT_PRODUCTS_DIR; };
		29E450972A3B2EDB007869A2 /* LogApp.swift */ = {isa = PBXFileReference; lastKnownFileType = sourcecode.swift; path = LogApp.swift; sourceTree = "<group>"; };
		29E450992A3B2EDB007869A2 /* ContentView.swift */ = {isa = PBXFileReference; lastKnownFileType = sourcecode.swift; path = ContentView.swift; sourceTree = "<group>"; };
		29E4509B2A3B2EDD007869A2 /* Assets.xcassets */ = {isa = PBXFileReference; lastKnownFileType = folder.assetcatalog; path = Assets.xcassets; sourceTree = "<group>"; };
		29E4509D2A3B2EDD007869A2 /* Log.entitlements */ = {isa = PBXFileReference; lastKnownFileType = text.plist.entitlements; path = Log.entitlements; sourceTree = "<group>"; };
		29E4509F2A3B2EDD007869A2 /* Preview Assets.xcassets */ = {isa = PBXFileReference; lastKnownFileType = folder.assetcatalog; path = "Preview Assets.xcassets"; sourceTree = "<group>"; };
/* End PBXFileReference section */

/* Begin PBXFrameworksBuildPhase section */
		29E450912A3B2EDB007869A2 /* Frameworks */ = {
			isa = PBXFrameworksBuildPhase;
			buildActionMask = 2147483647;
			files = (
			);
			runOnlyForDeploymentPostprocessing = 0;
		};
/* End PBXFrameworksBuildPhase section */

/* Begin PBXGroup section */
		292A45552A5C48750024916F /* Models */ = {
			isa = PBXGroup;
			children = (
				29314FC52A5AF744008B5147 /* EventModel.swift */,
			);
			path = Models;
			sourceTree = "<group>";
		};
		292A45562A5C48850024916F /* Views */ = {
			isa = PBXGroup;
			children = (
				29E450992A3B2EDB007869A2 /* ContentView.swift */,
				299E59A62A3F0D830079552A /* RecordRow.swift */,
				299E59A82A3F3FA40079552A /* AddRecord.swift */,
				29314FC12A5AEA28008B5147 /* AddTag.swift */,
				29314FC32A5AF350008B5147 /* HomeEmptyView.swift */,
			);
			path = Views;
			sourceTree = "<group>";
		};
		292A45572A5C488C0024916F /* ViewModels */ = {
			isa = PBXGroup;
			children = (
				292A45582A5C48C40024916F /* EventViewModel.swift */,
				292A455A2A5C48CC0024916F /* TagViewModel.swift */,
			);
			path = ViewModels;
			sourceTree = "<group>";
		};
		29E4508B2A3B2EDB007869A2 = {
			isa = PBXGroup;
			children = (
				29E450962A3B2EDB007869A2 /* Log */,
				29E450952A3B2EDB007869A2 /* Products */,
			);
			sourceTree = "<group>";
		};
		29E450952A3B2EDB007869A2 /* Products */ = {
			isa = PBXGroup;
			children = (
				29E450942A3B2EDB007869A2 /* Log.app */,
			);
			name = Products;
			sourceTree = "<group>";
		};
		29E450962A3B2EDB007869A2 /* Log */ = {
			isa = PBXGroup;
			children = (
				292A45572A5C488C0024916F /* ViewModels */,
				292A45562A5C48850024916F /* Views */,
				292A45552A5C48750024916F /* Models */,
				29E450972A3B2EDB007869A2 /* LogApp.swift */,
				29E4509B2A3B2EDD007869A2 /* Assets.xcassets */,
				29E4509D2A3B2EDD007869A2 /* Log.entitlements */,
				29E4509E2A3B2EDD007869A2 /* Preview Content */,
			);
			path = Log;
			sourceTree = "<group>";
		};
		29E4509E2A3B2EDD007869A2 /* Preview Content */ = {
			isa = PBXGroup;
			children = (
				29E4509F2A3B2EDD007869A2 /* Preview Assets.xcassets */,
			);
			path = "Preview Content";
			sourceTree = "<group>";
		};
/* End PBXGroup section */

/* Begin PBXNativeTarget section */
		29E450932A3B2EDB007869A2 /* Log */ = {
			isa = PBXNativeTarget;
			buildConfigurationList = 29E450A32A3B2EDD007869A2 /* Build configuration list for PBXNativeTarget "Log" */;
			buildPhases = (
				29E450902A3B2EDB007869A2 /* Sources */,
				29E450912A3B2EDB007869A2 /* Frameworks */,
				29E450922A3B2EDB007869A2 /* Resources */,
			);
			buildRules = (
			);
			dependencies = (
			);
			name = Log;
			productName = Log;
			productReference = 29E450942A3B2EDB007869A2 /* Log.app */;
			productType = "com.apple.product-type.application";
		};
/* End PBXNativeTarget section */

/* Begin PBXProject section */
		29E4508C2A3B2EDB007869A2 /* Project object */ = {
			isa = PBXProject;
			attributes = {
				BuildIndependentTargetsInParallel = 1;
				LastSwiftUpdateCheck = 1420;
				LastUpgradeCheck = 1420;
				TargetAttributes = {
					29E450932A3B2EDB007869A2 = {
						CreatedOnToolsVersion = 14.2;
					};
				};
			};
			buildConfigurationList = 29E4508F2A3B2EDB007869A2 /* Build configuration list for PBXProject "Log" */;
			compatibilityVersion = "Xcode 14.0";
			developmentRegion = en;
			hasScannedForEncodings = 0;
			knownRegions = (
				en,
				Base,
			);
			mainGroup = 29E4508B2A3B2EDB007869A2;
			productRefGroup = 29E450952A3B2EDB007869A2 /* Products */;
			projectDirPath = "";
			projectRoot = "";
			targets = (
				29E450932A3B2EDB007869A2 /* Log */,
			);
		};
/* End PBXProject section */

/* Begin PBXResourcesBuildPhase section */
		29E450922A3B2EDB007869A2 /* Resources */ = {
			isa = PBXResourcesBuildPhase;
			buildActionMask = 2147483647;
			files = (
				29E450A02A3B2EDD007869A2 /* Preview Assets.xcassets in Resources */,
				29E4509C2A3B2EDD007869A2 /* Assets.xcassets in Resources */,
			);
			runOnlyForDeploymentPostprocessing = 0;
		};
/* End PBXResourcesBuildPhase section */

/* Begin PBXSourcesBuildPhase section */
		29E450902A3B2EDB007869A2 /* Sources */ = {
			isa = PBXSourcesBuildPhase;
			buildActionMask = 2147483647;
			files = (
				29E4509A2A3B2EDB007869A2 /* ContentView.swift in Sources */,
				29314FC42A5AF350008B5147 /* HomeEmptyView.swift in Sources */,
				29314FC22A5AEA28008B5147 /* AddTag.swift in Sources */,
				29E450982A3B2EDB007869A2 /* LogApp.swift in Sources */,
				299E59A92A3F3FA40079552A /* AddRecord.swift in Sources */,
				292A455B2A5C48CC0024916F /* TagViewModel.swift in Sources */,
				292A45592A5C48C40024916F /* EventViewModel.swift in Sources */,
				29314FC62A5AF744008B5147 /* EventModel.swift in Sources */,
				299E59A72A3F0D830079552A /* RecordRow.swift in Sources */,
			);
			runOnlyForDeploymentPostprocessing = 0;
		};
/* End PBXSourcesBuildPhase section */

/* Begin XCBuildConfiguration section */
		29E450A12A3B2EDD007869A2 /* Debug */ = {
			isa = XCBuildConfiguration;
			buildSettings = {
				ALWAYS_SEARCH_USER_PATHS = NO;
				CLANG_ANALYZER_NONNULL = YES;
				CLANG_ANALYZER_NUMBER_OBJECT_CONVERSION = YES_AGGRESSIVE;
				CLANG_CXX_LANGUAGE_STANDARD = "gnu++20";
				CLANG_ENABLE_MODULES = YES;
				CLANG_ENABLE_OBJC_ARC = YES;
				CLANG_ENABLE_OBJC_WEAK = YES;
				CLANG_WARN_BLOCK_CAPTURE_AUTORELEASING = YES;
				CLANG_WARN_BOOL_CONVERSION = YES;
				CLANG_WARN_COMMA = YES;
				CLANG_WARN_CONSTANT_CONVERSION = YES;
				CLANG_WARN_DEPRECATED_OBJC_IMPLEMENTATIONS = YES;
				CLANG_WARN_DIRECT_OBJC_ISA_USAGE = YES_ERROR;
				CLANG_WARN_DOCUMENTATION_COMMENTS = YES;
				CLANG_WARN_EMPTY_BODY = YES;
				CLANG_WARN_ENUM_CONVERSION = YES;
				CLANG_WARN_INFINITE_RECURSION = YES;
				CLANG_WARN_INT_CONVERSION = YES;
				CLANG_WARN_NON_LITERAL_NULL_CONVERSION = YES;
				CLANG_WARN_OBJC_IMPLICIT_RETAIN_SELF = YES;
				CLANG_WARN_OBJC_LITERAL_CONVERSION = YES;
				CLANG_WARN_OBJC_ROOT_CLASS = YES_ERROR;
				CLANG_WARN_QUOTED_INCLUDE_IN_FRAMEWORK_HEADER = YES;
				CLANG_WARN_RANGE_LOOP_ANALYSIS = YES;
				CLANG_WARN_STRICT_PROTOTYPES = YES;
				CLANG_WARN_SUSPICIOUS_MOVE = YES;
				CLANG_WARN_UNGUARDED_AVAILABILITY = YES_AGGRESSIVE;
				CLANG_WARN_UNREACHABLE_CODE = YES;
				CLANG_WARN__DUPLICATE_METHOD_MATCH = YES;
				COPY_PHASE_STRIP = NO;
				DEBUG_INFORMATION_FORMAT = dwarf;
				ENABLE_STRICT_OBJC_MSGSEND = YES;
				ENABLE_TESTABILITY = YES;
				GCC_C_LANGUAGE_STANDARD = gnu11;
				GCC_DYNAMIC_NO_PIC = NO;
				GCC_NO_COMMON_BLOCKS = YES;
				GCC_OPTIMIZATION_LEVEL = 0;
				GCC_PREPROCESSOR_DEFINITIONS = (
					"DEBUG=1",
					"$(inherited)",
				);
				GCC_WARN_64_TO_32_BIT_CONVERSION = YES;
				GCC_WARN_ABOUT_RETURN_TYPE = YES_ERROR;
				GCC_WARN_UNDECLARED_SELECTOR = YES;
				GCC_WARN_UNINITIALIZED_AUTOS = YES_AGGRESSIVE;
				GCC_WARN_UNUSED_FUNCTION = YES;
				GCC_WARN_UNUSED_VARIABLE = YES;
				MTL_ENABLE_DEBUG_INFO = INCLUDE_SOURCE;
				MTL_FAST_MATH = YES;
				ONLY_ACTIVE_ARCH = YES;
				SWIFT_ACTIVE_COMPILATION_CONDITIONS = DEBUG;
				SWIFT_OPTIMIZATION_LEVEL = "-Onone";
			};
			name = Debug;
		};
		29E450A22A3B2EDD007869A2 /* Release */ = {
			isa = XCBuildConfiguration;
			buildSettings = {
				ALWAYS_SEARCH_USER_PATHS = NO;
				CLANG_ANALYZER_NONNULL = YES;
				CLANG_ANALYZER_NUMBER_OBJECT_CONVERSION = YES_AGGRESSIVE;
				CLANG_CXX_LANGUAGE_STANDARD = "gnu++20";
				CLANG_ENABLE_MODULES = YES;
				CLANG_ENABLE_OBJC_ARC = YES;
				CLANG_ENABLE_OBJC_WEAK = YES;
				CLANG_WARN_BLOCK_CAPTURE_AUTORELEASING = YES;
				CLANG_WARN_BOOL_CONVERSION = YES;
				CLANG_WARN_COMMA = YES;
				CLANG_WARN_CONSTANT_CONVERSION = YES;
				CLANG_WARN_DEPRECATED_OBJC_IMPLEMENTATIONS = YES;
				CLANG_WARN_DIRECT_OBJC_ISA_USAGE = YES_ERROR;
				CLANG_WARN_DOCUMENTATION_COMMENTS = YES;
				CLANG_WARN_EMPTY_BODY = YES;
				CLANG_WARN_ENUM_CONVERSION = YES;
				CLANG_WARN_INFINITE_RECURSION = YES;
				CLANG_WARN_INT_CONVERSION = YES;
				CLANG_WARN_NON_LITERAL_NULL_CONVERSION = YES;
				CLANG_WARN_OBJC_IMPLICIT_RETAIN_SELF = YES;
				CLANG_WARN_OBJC_LITERAL_CONVERSION = YES;
				CLANG_WARN_OBJC_ROOT_CLASS = YES_ERROR;
				CLANG_WARN_QUOTED_INCLUDE_IN_FRAMEWORK_HEADER = YES;
				CLANG_WARN_RANGE_LOOP_ANALYSIS = YES;
				CLANG_WARN_STRICT_PROTOTYPES = YES;
				CLANG_WARN_SUSPICIOUS_MOVE = YES;
				CLANG_WARN_UNGUARDED_AVAILABILITY = YES_AGGRESSIVE;
				CLANG_WARN_UNREACHABLE_CODE = YES;
				CLANG_WARN__DUPLICATE_METHOD_MATCH = YES;
				COPY_PHASE_STRIP = NO;
				DEBUG_INFORMATION_FORMAT = "dwarf-with-dsym";
				ENABLE_NS_ASSERTIONS = NO;
				ENABLE_STRICT_OBJC_MSGSEND = YES;
				GCC_C_LANGUAGE_STANDARD = gnu11;
				GCC_NO_COMMON_BLOCKS = YES;
				GCC_WARN_64_TO_32_BIT_CONVERSION = YES;
				GCC_WARN_ABOUT_RETURN_TYPE = YES_ERROR;
				GCC_WARN_UNDECLARED_SELECTOR = YES;
				GCC_WARN_UNINITIALIZED_AUTOS = YES_AGGRESSIVE;
				GCC_WARN_UNUSED_FUNCTION = YES;
				GCC_WARN_UNUSED_VARIABLE = YES;
				MTL_ENABLE_DEBUG_INFO = NO;
				MTL_FAST_MATH = YES;
				SWIFT_COMPILATION_MODE = wholemodule;
				SWIFT_OPTIMIZATION_LEVEL = "-O";
			};
			name = Release;
		};
		29E450A42A3B2EDD007869A2 /* Debug */ = {
			isa = XCBuildConfiguration;
			buildSettings = {
				ASSETCATALOG_COMPILER_APPICON_NAME = AppIcon;
				ASSETCATALOG_COMPILER_GLOBAL_ACCENT_COLOR_NAME = AccentColor;
				CODE_SIGN_ENTITLEMENTS = Log/Log.entitlements;
				CODE_SIGN_STYLE = Automatic;
				CURRENT_PROJECT_VERSION = 1;
				DEVELOPMENT_ASSET_PATHS = "\"Log/Preview Content\"";
				DEVELOPMENT_TEAM = PQL8K74AUR;
				ENABLE_HARDENED_RUNTIME = YES;
				ENABLE_PREVIEWS = YES;
				GENERATE_INFOPLIST_FILE = YES;
				"INFOPLIST_KEY_UIApplicationSceneManifest_Generation[sdk=iphoneos*]" = YES;
				"INFOPLIST_KEY_UIApplicationSceneManifest_Generation[sdk=iphonesimulator*]" = YES;
				"INFOPLIST_KEY_UIApplicationSupportsIndirectInputEvents[sdk=iphoneos*]" = YES;
				"INFOPLIST_KEY_UIApplicationSupportsIndirectInputEvents[sdk=iphonesimulator*]" = YES;
				"INFOPLIST_KEY_UILaunchScreen_Generation[sdk=iphoneos*]" = YES;
				"INFOPLIST_KEY_UILaunchScreen_Generation[sdk=iphonesimulator*]" = YES;
				"INFOPLIST_KEY_UIStatusBarStyle[sdk=iphoneos*]" = UIStatusBarStyleDefault;
				"INFOPLIST_KEY_UIStatusBarStyle[sdk=iphonesimulator*]" = UIStatusBarStyleDefault;
				INFOPLIST_KEY_UISupportedInterfaceOrientations_iPad = "UIInterfaceOrientationPortrait UIInterfaceOrientationPortraitUpsideDown UIInterfaceOrientationLandscapeLeft UIInterfaceOrientationLandscapeRight";
				INFOPLIST_KEY_UISupportedInterfaceOrientations_iPhone = "UIInterfaceOrientationPortrait UIInterfaceOrientationLandscapeLeft UIInterfaceOrientationLandscapeRight";
				IPHONEOS_DEPLOYMENT_TARGET = 16.2;
				LD_RUNPATH_SEARCH_PATHS = "@executable_path/Frameworks";
				"LD_RUNPATH_SEARCH_PATHS[sdk=macosx*]" = "@executable_path/../Frameworks";
				MACOSX_DEPLOYMENT_TARGET = 12.6;
				MARKETING_VERSION = 1.0;
				PRODUCT_BUNDLE_IDENTIFIER = com..toos4fun.wong.mike;
				PRODUCT_NAME = "$(TARGET_NAME)";
				SDKROOT = auto;
				SUPPORTED_PLATFORMS = "iphoneos iphonesimulator macosx";
				SWIFT_EMIT_LOC_STRINGS = YES;
				SWIFT_VERSION = 5.0;
				TARGETED_DEVICE_FAMILY = "1,2";
			};
			name = Debug;
		};
		29E450A52A3B2EDD007869A2 /* Release */ = {
			isa = XCBuildConfiguration;
			buildSettings = {
				ASSETCATALOG_COMPILER_APPICON_NAME = AppIcon;
				ASSETCATALOG_COMPILER_GLOBAL_ACCENT_COLOR_NAME = AccentColor;
				CODE_SIGN_ENTITLEMENTS = Log/Log.entitlements;
				CODE_SIGN_STYLE = Automatic;
				CURRENT_PROJECT_VERSION = 1;
				DEVELOPMENT_ASSET_PATHS = "\"Log/Preview Content\"";
				DEVELOPMENT_TEAM = PQL8K74AUR;
				ENABLE_HARDENED_RUNTIME = YES;
				ENABLE_PREVIEWS = YES;
				GENERATE_INFOPLIST_FILE = YES;
				"INFOPLIST_KEY_UIApplicationSceneManifest_Generation[sdk=iphoneos*]" = YES;
				"INFOPLIST_KEY_UIApplicationSceneManifest_Generation[sdk=iphonesimulator*]" = YES;
				"INFOPLIST_KEY_UIApplicationSupportsIndirectInputEvents[sdk=iphoneos*]" = YES;
				"INFOPLIST_KEY_UIApplicationSupportsIndirectInputEvents[sdk=iphonesimulator*]" = YES;
				"INFOPLIST_KEY_UILaunchScreen_Generation[sdk=iphoneos*]" = YES;
				"INFOPLIST_KEY_UILaunchScreen_Generation[sdk=iphonesimulator*]" = YES;
				"INFOPLIST_KEY_UIStatusBarStyle[sdk=iphoneos*]" = UIStatusBarStyleDefault;
				"INFOPLIST_KEY_UIStatusBarStyle[sdk=iphonesimulator*]" = UIStatusBarStyleDefault;
				INFOPLIST_KEY_UISupportedInterfaceOrientations_iPad = "UIInterfaceOrientationPortrait UIInterfaceOrientationPortraitUpsideDown UIInterfaceOrientationLandscapeLeft UIInterfaceOrientationLandscapeRight";
				INFOPLIST_KEY_UISupportedInterfaceOrientations_iPhone = "UIInterfaceOrientationPortrait UIInterfaceOrientationLandscapeLeft UIInterfaceOrientationLandscapeRight";
				IPHONEOS_DEPLOYMENT_TARGET = 16.2;
				LD_RUNPATH_SEARCH_PATHS = "@executable_path/Frameworks";
				"LD_RUNPATH_SEARCH_PATHS[sdk=macosx*]" = "@executable_path/../Frameworks";
				MACOSX_DEPLOYMENT_TARGET = 12.6;
				MARKETING_VERSION = 1.0;
				PRODUCT_BUNDLE_IDENTIFIER = com..toos4fun.wong.mike;
				PRODUCT_NAME = "$(TARGET_NAME)";
				SDKROOT = auto;
				SUPPORTED_PLATFORMS = "iphoneos iphonesimulator macosx";
				SWIFT_EMIT_LOC_STRINGS = YES;
				SWIFT_VERSION = 5.0;
				TARGETED_DEVICE_FAMILY = "1,2";
			};
			name = Release;
		};
/* End XCBuildConfiguration section */

/* Begin XCConfigurationList section */
		29E4508F2A3B2EDB007869A2 /* Build configuration list for PBXProject "Log" */ = {
			isa = XCConfigurationList;
			buildConfigurations = (
				29E450A12A3B2EDD007869A2 /* Debug */,
				29E450A22A3B2EDD007869A2 /* Release */,
			);
			defaultConfigurationIsVisible = 0;
			defaultConfigurationName = Release;
		};
		29E450A32A3B2EDD007869A2 /* Build configuration list for PBXNativeTarget "Log" */ = {
			isa = XCConfigurationList;
			buildConfigurations = (
				29E450A42A3B2EDD007869A2 /* Debug */,
				29E450A52A3B2EDD007869A2 /* Release */,
			);
			defaultConfigurationIsVisible = 0;
			defaultConfigurationName = Release;
		};
/* End XCConfigurationList section */
	};
	rootObject = 29E4508C2A3B2EDB007869A2 /* Project object */;
}
